// !$*UTF8*$!
{
	archiveVersion = 1;
	classes = {
	};
	objectVersion = 50;
	objects = {

/* Begin PBXBuildFile section */
		3D5EDE4C25F68A510021B8CE /* LXDynamicArray.swift in Sources */ = {isa = PBXBuildFile; fileRef = 3D5EDE4B25F68A510021B8CE /* LXDynamicArray.swift */; };
		3D5EDE4E25F698810021B8CE /* LXDynamicArrayTest.swift in Sources */ = {isa = PBXBuildFile; fileRef = 3D5EDE4D25F698810021B8CE /* LXDynamicArrayTest.swift */; };
		3D6B8ED725FE1C7A00C06B94 /* LeetcodeLinkedList.swift in Sources */ = {isa = PBXBuildFile; fileRef = 3D6B8ED625FE1C7A00C06B94 /* LeetcodeLinkedList.swift */; };
		3D6B8EDA25FE6E4400C06B94 /* LXDoubleLinkedList.swift in Sources */ = {isa = PBXBuildFile; fileRef = 3D6B8ED925FE6E4400C06B94 /* LXDoubleLinkedList.swift */; };
		3DD5DA9126011722009AF827 /* LXDoubleLinkedListTest.swift in Sources */ = {isa = PBXBuildFile; fileRef = 3DD5DA9026011722009AF827 /* LXDoubleLinkedListTest.swift */; };
		3DD5DA94260119C5009AF827 /* LXSingleCircleLinkedList.swift in Sources */ = {isa = PBXBuildFile; fileRef = 3DD5DA93260119C5009AF827 /* LXSingleCircleLinkedList.swift */; };
		3DD5DA97260119E4009AF827 /* LXSingleCircleLinkedListTest.swift in Sources */ = {isa = PBXBuildFile; fileRef = 3DD5DA96260119E4009AF827 /* LXSingleCircleLinkedListTest.swift */; };
		3DD5DA9B2601216A009AF827 /* LXDoubleCircleLinkedList.swift in Sources */ = {isa = PBXBuildFile; fileRef = 3DD5DA9A2601216A009AF827 /* LXDoubleCircleLinkedList.swift */; };
		3DD5DAA3260122EC009AF827 /* LXStack.swift in Sources */ = {isa = PBXBuildFile; fileRef = 3DD5DAA2260122EC009AF827 /* LXStack.swift */; };
		3DD6DFA3237C634F009171D5 /* main.swift in Sources */ = {isa = PBXBuildFile; fileRef = 3DD6DFA2237C634F009171D5 /* main.swift */; };
		3DEBDE6C25F7CF56009C67DC /* LXLinkedList.swift in Sources */ = {isa = PBXBuildFile; fileRef = 3DEBDE6B25F7CF56009C67DC /* LXLinkedList.swift */; };
		3DEBDE6F25F7D81E009C67DC /* LXLXLinkedListTest.swift in Sources */ = {isa = PBXBuildFile; fileRef = 3DEBDE6E25F7D81E009C67DC /* LXLXLinkedListTest.swift */; };
		3DEBDE7625F7E432009C67DC /* LXCheckRangeable.swift in Sources */ = {isa = PBXBuildFile; fileRef = 3DEBDE7525F7E432009C67DC /* LXCheckRangeable.swift */; };
/* End PBXBuildFile section */

/* Begin PBXCopyFilesBuildPhase section */
		3DD6DF9D237C634F009171D5 /* CopyFiles */ = {
			isa = PBXCopyFilesBuildPhase;
			buildActionMask = 2147483647;
			dstPath = /usr/share/man/man1/;
			dstSubfolderSpec = 0;
			files = (
			);
			runOnlyForDeploymentPostprocessing = 1;
		};
/* End PBXCopyFilesBuildPhase section */

/* Begin PBXFileReference section */
		3D5EDE4B25F68A510021B8CE /* LXDynamicArray.swift */ = {isa = PBXFileReference; lastKnownFileType = sourcecode.swift; path = LXDynamicArray.swift; sourceTree = "<group>"; };
		3D5EDE4D25F698810021B8CE /* LXDynamicArrayTest.swift */ = {isa = PBXFileReference; lastKnownFileType = sourcecode.swift; path = LXDynamicArrayTest.swift; sourceTree = "<group>"; };
		3D6B8ED625FE1C7A00C06B94 /* LeetcodeLinkedList.swift */ = {isa = PBXFileReference; lastKnownFileType = sourcecode.swift; path = LeetcodeLinkedList.swift; sourceTree = "<group>"; };
		3D6B8ED925FE6E4400C06B94 /* LXDoubleLinkedList.swift */ = {isa = PBXFileReference; lastKnownFileType = sourcecode.swift; path = LXDoubleLinkedList.swift; sourceTree = "<group>"; };
		3DD5DA9026011722009AF827 /* LXDoubleLinkedListTest.swift */ = {isa = PBXFileReference; lastKnownFileType = sourcecode.swift; path = LXDoubleLinkedListTest.swift; sourceTree = "<group>"; };
		3DD5DA93260119C5009AF827 /* LXSingleCircleLinkedList.swift */ = {isa = PBXFileReference; lastKnownFileType = sourcecode.swift; path = LXSingleCircleLinkedList.swift; sourceTree = "<group>"; };
		3DD5DA96260119E4009AF827 /* LXSingleCircleLinkedListTest.swift */ = {isa = PBXFileReference; lastKnownFileType = sourcecode.swift; path = LXSingleCircleLinkedListTest.swift; sourceTree = "<group>"; };
		3DD5DA9A2601216A009AF827 /* LXDoubleCircleLinkedList.swift */ = {isa = PBXFileReference; lastKnownFileType = sourcecode.swift; path = LXDoubleCircleLinkedList.swift; sourceTree = "<group>"; };
		3DD5DAA2260122EC009AF827 /* LXStack.swift */ = {isa = PBXFileReference; lastKnownFileType = sourcecode.swift; path = LXStack.swift; sourceTree = "<group>"; };
		3DD6DF9F237C634F009171D5 /* DataStructure_Swift */ = {isa = PBXFileReference; explicitFileType = "compiled.mach-o.executable"; includeInIndex = 0; path = DataStructure_Swift; sourceTree = BUILT_PRODUCTS_DIR; };
		3DD6DFA2237C634F009171D5 /* main.swift */ = {isa = PBXFileReference; lastKnownFileType = sourcecode.swift; path = main.swift; sourceTree = "<group>"; };
		3DEBDE6B25F7CF56009C67DC /* LXLinkedList.swift */ = {isa = PBXFileReference; lastKnownFileType = sourcecode.swift; path = LXLinkedList.swift; sourceTree = "<group>"; };
		3DEBDE6E25F7D81E009C67DC /* LXLXLinkedListTest.swift */ = {isa = PBXFileReference; lastKnownFileType = sourcecode.swift; path = LXLXLinkedListTest.swift; sourceTree = "<group>"; };
		3DEBDE7525F7E432009C67DC /* LXCheckRangeable.swift */ = {isa = PBXFileReference; lastKnownFileType = sourcecode.swift; path = LXCheckRangeable.swift; sourceTree = "<group>"; };
/* End PBXFileReference section */

/* Begin PBXFrameworksBuildPhase section */
		3DD6DF9C237C634F009171D5 /* Frameworks */ = {
			isa = PBXFrameworksBuildPhase;
			buildActionMask = 2147483647;
			files = (
			);
			runOnlyForDeploymentPostprocessing = 0;
		};
/* End PBXFrameworksBuildPhase section */

/* Begin PBXGroup section */
		3D6B8ECD25FE057F00C06B94 /* leetcode */ = {
			isa = PBXGroup;
			children = (
				3D6B8ED625FE1C7A00C06B94 /* LeetcodeLinkedList.swift */,
			);
			path = leetcode;
			sourceTree = "<group>";
		};
		3DD5DA9D26012185009AF827 /* Datastructure */ = {
			isa = PBXGroup;
			children = (
				3DEBDE6B25F7CF56009C67DC /* LXLinkedList.swift */,
				3D6B8ED925FE6E4400C06B94 /* LXDoubleLinkedList.swift */,
				3DD5DA93260119C5009AF827 /* LXSingleCircleLinkedList.swift */,
				3DD5DA9A2601216A009AF827 /* LXDoubleCircleLinkedList.swift */,
			);
			path = Datastructure;
			sourceTree = "<group>";
		};
		3DD5DA9E260121C3009AF827 /* Test */ = {
			isa = PBXGroup;
			children = (
				3DEBDE6E25F7D81E009C67DC /* LXLXLinkedListTest.swift */,
				3DD5DA9026011722009AF827 /* LXDoubleLinkedListTest.swift */,
				3DD5DA96260119E4009AF827 /* LXSingleCircleLinkedListTest.swift */,
			);
			path = Test;
			sourceTree = "<group>";
		};
		3DD5DA9F260122C9009AF827 /* Test */ = {
			isa = PBXGroup;
			children = (
			);
			path = Test;
			sourceTree = "<group>";
		};
		3DD5DAA0260122D9009AF827 /* Datastructure */ = {
			isa = PBXGroup;
			children = (
				3DD5DAA2260122EC009AF827 /* LXStack.swift */,
			);
			path = Datastructure;
			sourceTree = "<group>";
		};
		3DD5DAA1260122E2009AF827 /* leetcode */ = {
			isa = PBXGroup;
			children = (
			);
			path = leetcode;
			sourceTree = "<group>";
		};
		3DD5DAA7260125CD009AF827 /* leetcode */ = {
			isa = PBXGroup;
			children = (
			);
			path = leetcode;
			sourceTree = "<group>";
		};
		3DD5DAA8260125EE009AF827 /* Datastructure */ = {
			isa = PBXGroup;
			children = (
			);
			path = Datastructure;
			sourceTree = "<group>";
		};
		3DD5DAA9260125F9009AF827 /* Test */ = {
			isa = PBXGroup;
			children = (
			);
			path = Test;
			sourceTree = "<group>";
		};
		3DD6DF96237C634F009171D5 = {
			isa = PBXGroup;
			children = (
				3DD6DFA1237C634F009171D5 /* DataStructure_Swift */,
				3DD6DFA0237C634F009171D5 /* Products */,
			);
			sourceTree = "<group>";
		};
		3DD6DFA0237C634F009171D5 /* Products */ = {
			isa = PBXGroup;
			children = (
				3DD6DF9F237C634F009171D5 /* DataStructure_Swift */,
			);
			name = Products;
			sourceTree = "<group>";
		};
		3DD6DFA1237C634F009171D5 /* DataStructure_Swift */ = {
			isa = PBXGroup;
			children = (
				3DEBDE7425F7E3FD009C67DC /* 0.公共 */,
				3DDD40A3237C67A1007CCEBD /* 1.动态数组 */,
				3DDD40A4237C67AA007CCEBD /* 2.链表 */,
				3DDD40A5237C67B9007CCEBD /* 3.栈 */,
				3DDD40A6237C67C2007CCEBD /* 4.队列 */,
				3DD6DFA2237C634F009171D5 /* main.swift */,
			);
			path = DataStructure_Swift;
			sourceTree = "<group>";
		};
		3DDD40A3237C67A1007CCEBD /* 1.动态数组 */ = {
			isa = PBXGroup;
			children = (
				3D5EDE4B25F68A510021B8CE /* LXDynamicArray.swift */,
				3D5EDE4D25F698810021B8CE /* LXDynamicArrayTest.swift */,
			);
			path = "1.动态数组";
			sourceTree = "<group>";
		};
		3DDD40A4237C67AA007CCEBD /* 2.链表 */ = {
			isa = PBXGroup;
			children = (
				3DD5DA9E260121C3009AF827 /* Test */,
				3DD5DA9D26012185009AF827 /* Datastructure */,
				3D6B8ECD25FE057F00C06B94 /* leetcode */,
			);
			path = "2.链表";
			sourceTree = "<group>";
		};
		3DDD40A5237C67B9007CCEBD /* 3.栈 */ = {
			isa = PBXGroup;
			children = (
				3DD5DAA1260122E2009AF827 /* leetcode */,
				3DD5DAA0260122D9009AF827 /* Datastructure */,
				3DD5DA9F260122C9009AF827 /* Test */,
			);
			path = "3.栈";
			sourceTree = "<group>";
		};
		3DDD40A6237C67C2007CCEBD /* 4.队列 */ = {
			isa = PBXGroup;
			children = (
				3DD5DAA9260125F9009AF827 /* Test */,
				3DD5DAA8260125EE009AF827 /* Datastructure */,
				3DD5DAA7260125CD009AF827 /* leetcode */,
			);
			path = "4.队列";
			sourceTree = "<group>";
		};
		3DEBDE7425F7E3FD009C67DC /* 0.公共 */ = {
			isa = PBXGroup;
			children = (
				3DEBDE7525F7E432009C67DC /* LXCheckRangeable.swift */,
			);
			path = "0.公共";
			sourceTree = "<group>";
		};
/* End PBXGroup section */

/* Begin PBXNativeTarget section */
		3DD6DF9E237C634F009171D5 /* DataStructure_Swift */ = {
			isa = PBXNativeTarget;
			buildConfigurationList = 3DD6DFA6237C634F009171D5 /* Build configuration list for PBXNativeTarget "DataStructure_Swift" */;
			buildPhases = (
				3DD6DF9B237C634F009171D5 /* Sources */,
				3DD6DF9C237C634F009171D5 /* Frameworks */,
				3DD6DF9D237C634F009171D5 /* CopyFiles */,
			);
			buildRules = (
			);
			dependencies = (
			);
			name = DataStructure_Swift;
			productName = DataStructure_Swift;
			productReference = 3DD6DF9F237C634F009171D5 /* DataStructure_Swift */;
			productType = "com.apple.product-type.tool";
		};
/* End PBXNativeTarget section */

/* Begin PBXProject section */
		3DD6DF97237C634F009171D5 /* Project object */ = {
			isa = PBXProject;
			attributes = {
				CLASSPREFIX = LX;
				LastSwiftUpdateCheck = 1120;
				LastUpgradeCheck = 1120;
				ORGANIZATIONNAME = suckerl;
				TargetAttributes = {
					3DD6DF9E237C634F009171D5 = {
						CreatedOnToolsVersion = 11.2;
					};
				};
			};
			buildConfigurationList = 3DD6DF9A237C634F009171D5 /* Build configuration list for PBXProject "DataStructure_Swift" */;
			compatibilityVersion = "Xcode 9.3";
			developmentRegion = en;
			hasScannedForEncodings = 0;
			knownRegions = (
				en,
				Base,
			);
			mainGroup = 3DD6DF96237C634F009171D5;
			productRefGroup = 3DD6DFA0237C634F009171D5 /* Products */;
			projectDirPath = "";
			projectRoot = "";
			targets = (
				3DD6DF9E237C634F009171D5 /* DataStructure_Swift */,
			);
		};
/* End PBXProject section */

/* Begin PBXSourcesBuildPhase section */
		3DD6DF9B237C634F009171D5 /* Sources */ = {
			isa = PBXSourcesBuildPhase;
			buildActionMask = 2147483647;
			files = (
				3DD5DAA3260122EC009AF827 /* LXStack.swift in Sources */,
				3DD5DA97260119E4009AF827 /* LXSingleCircleLinkedListTest.swift in Sources */,
				3D5EDE4E25F698810021B8CE /* LXDynamicArrayTest.swift in Sources */,
				3D6B8ED725FE1C7A00C06B94 /* LeetcodeLinkedList.swift in Sources */,
				3DD6DFA3237C634F009171D5 /* main.swift in Sources */,
				3D6B8EDA25FE6E4400C06B94 /* LXDoubleLinkedList.swift in Sources */,
				3DD5DA94260119C5009AF827 /* LXSingleCircleLinkedList.swift in Sources */,
				3DD5DA9B2601216A009AF827 /* LXDoubleCircleLinkedList.swift in Sources */,
				3DEBDE6C25F7CF56009C67DC /* LXLinkedList.swift in Sources */,
				3DEBDE7625F7E432009C67DC /* LXCheckRangeable.swift in Sources */,
				3DD5DA9126011722009AF827 /* LXDoubleLinkedListTest.swift in Sources */,
				3DEBDE6F25F7D81E009C67DC /* LXLXLinkedListTest.swift in Sources */,
				3D5EDE4C25F68A510021B8CE /* LXDynamicArray.swift in Sources */,
			);
			runOnlyForDeploymentPostprocessing = 0;
		};
/* End PBXSourcesBuildPhase section */

/* Begin XCBuildConfiguration section */
		3DD6DFA4237C634F009171D5 /* Debug */ = {
			isa = XCBuildConfiguration;
			buildSettings = {
				ALWAYS_SEARCH_USER_PATHS = NO;
				CLANG_ANALYZER_NONNULL = YES;
				CLANG_ANALYZER_NUMBER_OBJECT_CONVERSION = YES_AGGRESSIVE;
				CLANG_CXX_LANGUAGE_STANDARD = "gnu++14";
				CLANG_CXX_LIBRARY = "libc++";
				CLANG_ENABLE_MODULES = YES;
				CLANG_ENABLE_OBJC_ARC = YES;
				CLANG_ENABLE_OBJC_WEAK = YES;
				CLANG_WARN_BLOCK_CAPTURE_AUTORELEASING = YES;
				CLANG_WARN_BOOL_CONVERSION = YES;
				CLANG_WARN_COMMA = YES;
				CLANG_WARN_CONSTANT_CONVERSION = YES;
				CLANG_WARN_DEPRECATED_OBJC_IMPLEMENTATIONS = YES;
				CLANG_WARN_DIRECT_OBJC_ISA_USAGE = YES_ERROR;
				CLANG_WARN_DOCUMENTATION_COMMENTS = YES;
				CLANG_WARN_EMPTY_BODY = YES;
				CLANG_WARN_ENUM_CONVERSION = YES;
				CLANG_WARN_INFINITE_RECURSION = YES;
				CLANG_WARN_INT_CONVERSION = YES;
				CLANG_WARN_NON_LITERAL_NULL_CONVERSION = YES;
				CLANG_WARN_OBJC_IMPLICIT_RETAIN_SELF = YES;
				CLANG_WARN_OBJC_LITERAL_CONVERSION = YES;
				CLANG_WARN_OBJC_ROOT_CLASS = YES_ERROR;
				CLANG_WARN_RANGE_LOOP_ANALYSIS = YES;
				CLANG_WARN_STRICT_PROTOTYPES = YES;
				CLANG_WARN_SUSPICIOUS_MOVE = YES;
				CLANG_WARN_UNGUARDED_AVAILABILITY = YES_AGGRESSIVE;
				CLANG_WARN_UNREACHABLE_CODE = YES;
				CLANG_WARN__DUPLICATE_METHOD_MATCH = YES;
				COPY_PHASE_STRIP = NO;
				DEBUG_INFORMATION_FORMAT = dwarf;
				ENABLE_STRICT_OBJC_MSGSEND = YES;
				ENABLE_TESTABILITY = YES;
				GCC_C_LANGUAGE_STANDARD = gnu11;
				GCC_DYNAMIC_NO_PIC = NO;
				GCC_NO_COMMON_BLOCKS = YES;
				GCC_OPTIMIZATION_LEVEL = 0;
				GCC_PREPROCESSOR_DEFINITIONS = (
					"DEBUG=1",
					"$(inherited)",
				);
				GCC_WARN_64_TO_32_BIT_CONVERSION = YES;
				GCC_WARN_ABOUT_RETURN_TYPE = YES_ERROR;
				GCC_WARN_UNDECLARED_SELECTOR = YES;
				GCC_WARN_UNINITIALIZED_AUTOS = YES_AGGRESSIVE;
				GCC_WARN_UNUSED_FUNCTION = YES;
				GCC_WARN_UNUSED_VARIABLE = YES;
				MACOSX_DEPLOYMENT_TARGET = 10.14;
				MTL_ENABLE_DEBUG_INFO = INCLUDE_SOURCE;
				MTL_FAST_MATH = YES;
				ONLY_ACTIVE_ARCH = YES;
				SDKROOT = macosx;
				SWIFT_ACTIVE_COMPILATION_CONDITIONS = DEBUG;
				SWIFT_OPTIMIZATION_LEVEL = "-Onone";
			};
			name = Debug;
		};
		3DD6DFA5237C634F009171D5 /* Release */ = {
			isa = XCBuildConfiguration;
			buildSettings = {
				ALWAYS_SEARCH_USER_PATHS = NO;
				CLANG_ANALYZER_NONNULL = YES;
				CLANG_ANALYZER_NUMBER_OBJECT_CONVERSION = YES_AGGRESSIVE;
				CLANG_CXX_LANGUAGE_STANDARD = "gnu++14";
				CLANG_CXX_LIBRARY = "libc++";
				CLANG_ENABLE_MODULES = YES;
				CLANG_ENABLE_OBJC_ARC = YES;
				CLANG_ENABLE_OBJC_WEAK = YES;
				CLANG_WARN_BLOCK_CAPTURE_AUTORELEASING = YES;
				CLANG_WARN_BOOL_CONVERSION = YES;
				CLANG_WARN_COMMA = YES;
				CLANG_WARN_CONSTANT_CONVERSION = YES;
				CLANG_WARN_DEPRECATED_OBJC_IMPLEMENTATIONS = YES;
				CLANG_WARN_DIRECT_OBJC_ISA_USAGE = YES_ERROR;
				CLANG_WARN_DOCUMENTATION_COMMENTS = YES;
				CLANG_WARN_EMPTY_BODY = YES;
				CLANG_WARN_ENUM_CONVERSION = YES;
				CLANG_WARN_INFINITE_RECURSION = YES;
				CLANG_WARN_INT_CONVERSION = YES;
				CLANG_WARN_NON_LITERAL_NULL_CONVERSION = YES;
				CLANG_WARN_OBJC_IMPLICIT_RETAIN_SELF = YES;
				CLANG_WARN_OBJC_LITERAL_CONVERSION = YES;
				CLANG_WARN_OBJC_ROOT_CLASS = YES_ERROR;
				CLANG_WARN_RANGE_LOOP_ANALYSIS = YES;
				CLANG_WARN_STRICT_PROTOTYPES = YES;
				CLANG_WARN_SUSPICIOUS_MOVE = YES;
				CLANG_WARN_UNGUARDED_AVAILABILITY = YES_AGGRESSIVE;
				CLANG_WARN_UNREACHABLE_CODE = YES;
				CLANG_WARN__DUPLICATE_METHOD_MATCH = YES;
				COPY_PHASE_STRIP = NO;
				DEBUG_INFORMATION_FORMAT = "dwarf-with-dsym";
				ENABLE_NS_ASSERTIONS = NO;
				ENABLE_STRICT_OBJC_MSGSEND = YES;
				GCC_C_LANGUAGE_STANDARD = gnu11;
				GCC_NO_COMMON_BLOCKS = YES;
				GCC_WARN_64_TO_32_BIT_CONVERSION = YES;
				GCC_WARN_ABOUT_RETURN_TYPE = YES_ERROR;
				GCC_WARN_UNDECLARED_SELECTOR = YES;
				GCC_WARN_UNINITIALIZED_AUTOS = YES_AGGRESSIVE;
				GCC_WARN_UNUSED_FUNCTION = YES;
				GCC_WARN_UNUSED_VARIABLE = YES;
				MACOSX_DEPLOYMENT_TARGET = 10.14;
				MTL_ENABLE_DEBUG_INFO = NO;
				MTL_FAST_MATH = YES;
				SDKROOT = macosx;
				SWIFT_COMPILATION_MODE = wholemodule;
				SWIFT_OPTIMIZATION_LEVEL = "-O";
			};
			name = Release;
		};
		3DD6DFA7237C634F009171D5 /* Debug */ = {
			isa = XCBuildConfiguration;
			buildSettings = {
				CODE_SIGN_STYLE = Automatic;
				DEVELOPMENT_TEAM = 3D924N92LK;
				ENABLE_HARDENED_RUNTIME = YES;
				PRODUCT_NAME = "$(TARGET_NAME)";
				SWIFT_VERSION = 5.0;
			};
			name = Debug;
		};
		3DD6DFA8237C634F009171D5 /* Release */ = {
			isa = XCBuildConfiguration;
			buildSettings = {
				CODE_SIGN_STYLE = Automatic;
				DEVELOPMENT_TEAM = 3D924N92LK;
				ENABLE_HARDENED_RUNTIME = YES;
				PRODUCT_NAME = "$(TARGET_NAME)";
				SWIFT_VERSION = 5.0;
			};
			name = Release;
		};
/* End XCBuildConfiguration section */

/* Begin XCConfigurationList section */
		3DD6DF9A237C634F009171D5 /* Build configuration list for PBXProject "DataStructure_Swift" */ = {
			isa = XCConfigurationList;
			buildConfigurations = (
				3DD6DFA4237C634F009171D5 /* Debug */,
				3DD6DFA5237C634F009171D5 /* Release */,
			);
			defaultConfigurationIsVisible = 0;
			defaultConfigurationName = Release;
		};
		3DD6DFA6237C634F009171D5 /* Build configuration list for PBXNativeTarget "DataStructure_Swift" */ = {
			isa = XCConfigurationList;
			buildConfigurations = (
				3DD6DFA7237C634F009171D5 /* Debug */,
				3DD6DFA8237C634F009171D5 /* Release */,
			);
			defaultConfigurationIsVisible = 0;
			defaultConfigurationName = Release;
		};
/* End XCConfigurationList section */
	};
	rootObject = 3DD6DF97237C634F009171D5 /* Project object */;
}
